#
# This file is autogenerated by pip-compile with Python 3.12
# by the following command:
#
#    pip-compile --no-emit-index-url --output-file=requirements_web.lock requirements_web.txt
#
alembic==1.18.4
    # via -r requirements_web.txt
annotated-doc==0.0.4
    # via fastapi
annotated-types==0.7.0
    # via pydantic
anyio==4.13.0
    # via
    #   starlette
    #   watchfiles
bcrypt==4.3.0
    # via
    #   -r requirements_web.txt
    #   passlib
certifi==2026.2.25
    # via
    #   requests
    #   sentry-sdk
charset-normalizer==3.4.6
    # via
    #   reportlab
    #   requests
click==8.3.1
    # via uvicorn
fastapi==0.135.2
    # via
    #   -r requirements_web.txt
    #   sentry-sdk
greenlet==3.3.2
    # via sqlalchemy
h11==0.16.0
    # via uvicorn
httptools==0.7.1
    # via uvicorn
idna==3.11
    # via
    #   anyio
    #   requests
mako==1.3.10
    # via alembic
markupsafe==3.0.3
    # via mako
passlib[bcrypt]==1.7.4
    # via -r requirements_web.txt
pillow==12.1.1
    # via reportlab
psycopg[binary]==3.3.3
    # via -r requirements_web.txt
psycopg-binary==3.3.3
    # via psycopg
pydantic==2.12.5
    # via fastapi
pydantic-core==2.41.5
    # via pydantic
python-dotenv==1.2.2
    # via
    #   -r requirements_web.txt
    #   uvicorn
python-multipart==0.0.22
    # via -r requirements_web.txt
pyyaml==6.0.3
    # via uvicorn
reportlab==4.4.10
    # via -r requirements_web.txt
requests==2.33.0
    # via
    #   resend
    #   stripe
resend==2.26.0
    # via -r requirements_web.txt
sentry-sdk[fastapi]==2.56.0
    # via -r requirements_web.txt
sqlalchemy==2.0.48
    # via
    #   -r requirements_web.txt
    #   alembic
starlette==1.0.0
    # via fastapi
stripe==11.6.0
    # via -r requirements_web.txt
typing-extensions==4.15.0
    # via
    #   alembic
    #   anyio
    #   fastapi
    #   psycopg
    #   pydantic
    #   pydantic-core
    #   resend
    #   sqlalchemy
    #   starlette
    #   stripe
    #   typing-inspection
typing-inspection==0.4.2
    # via
    #   fastapi
    #   pydantic
urllib3==2.6.3
    # via
    #   requests
    #   sentry-sdk
uvicorn[standard]==0.42.0
    # via -r requirements_web.txt
uvloop==0.22.1
    # via uvicorn
watchfiles==1.1.1
    # via uvicorn
websockets==16.0
    # via uvicorn
